{
  "name": "composer",
  "version": "0.6.0",
  "lockfileVersion": 1,
  "requires": true,
  "dependencies": {
    "@fortawesome/fontawesome-free": {
      "version": "5.13.0",
      "resolved": "https://registry.npmjs.org/@fortawesome/fontawesome-free/-/fontawesome-free-5.13.0.tgz",
      "integrity": "sha512-xKOeQEl5O47GPZYIMToj6uuA2syyFlq9EMSl2ui0uytjY9xbe8XS0pexNWmxrdcCyNGyDmLyYw5FtKsalBUeOg=="
    },
    "axios": {
      "version": "0.21.1",
      "resolved": "https://registry.npmjs.org/axios/-/axios-0.21.1.tgz",
      "integrity": "sha512-dKQiRHxGD9PPRIUNIWvZhPTPpl1rf/OxTYKsqKUDjBwYylTvV7SjSHJb9ratfyzM6wCdLCOYLzs73qpg5c4iGA==",
      "requires": {
        "follow-redirects": "^1.10.0"
      }
    },
    "bulma-pageloader": {
      "version": "0.3.0",
      "resolved": "https://registry.npmjs.org/bulma-pageloader/-/bulma-pageloader-0.3.0.tgz",
      "integrity": "sha512-lbahiqhBCov5AYdziHFnC5/JOhCrJWFTpdRiAkwW49IM/mf0whCWHVe8MuejZFu2PEs1mtH8Gnz8exEks4Q+7g=="
    },
    "codemirror-minified": {
      "version": "5.52.0",
      "resolved": "https://registry.npmjs.org/codemirror-minified/-/codemirror-minified-5.52.0.tgz",
      "integrity": "sha512-kbXb27HhvizvaIlBi5WS6dBfhDXgfjj17YHUiiOxM3tUjy9HlFg9cYWoXRT9tfFH19nc5bi7XJCt3GNwoOtMGw=="
    },
    "follow-redirects": {
      "version": "1.13.1",
      "resolved": "https://registry.npmjs.org/follow-redirects/-/follow-redirects-1.13.1.tgz",
      "integrity": "sha512-SSG5xmZh1mkPGyKzjZP8zLjltIfpW32Y5QpdNJyjcfGxK3qo3NDDkZOZSFiGn1A6SclQxY9GzEwAHQ3dmYRWpg=="
    },
    "vue": {
      "version": "2.6.11",
      "resolved": "https://registry.npmjs.org/vue/-/vue-2.6.11.tgz",
      "integrity": "sha512-VfPwgcGABbGAue9+sfrD4PuwFar7gPb1yl1UK1MwXoQPAw0BKSqWfoYCT/ThFrdEVWoI51dBuyCoiNU9bZDZxQ=="
    }
  }
}
